{
  "name": "MY SPACE-TIME UNIVERSE",
  "lockfileVersion": 3,
  "requires": true,
  "packages": {
    "": {
      "dependencies": {
        "leaflet-geonames": "^0.4.9"
      }
    },
    "node_modules/leaflet-geonames": {
      "version": "0.4.9",
      "resolved": "https://registry.npmjs.org/leaflet-geonames/-/leaflet-geonames-0.4.9.tgz",
      "integrity": "sha512-iWluuA3b+aAfcBXSPYP6HYDnSuCwfCmevVQb6+3VfbclHAFB6IL7/2g5KzYxs1dSAm0xj1q7UkLKaPb0jxcI8g=="
    }
  }
}
